
Microsoft Visual Studio Solution File, Format Version 12.00
# Visual Studio 14
VisualStudioVersion = 14.0.25420.1
MinimumVisualStudioVersion = 10.0.40219.1
Project("{FAE04EC0-301F-11D3-BF4B-00C04F79EFBC}") = "SimpleChatSite", "SimpleChatSite\SimpleChatSite.csproj", "{C03AEC0E-58EA-4923-BB6D-CFBEBB4BAD96}"
EndProject
Project("{FAE04EC0-301F-11D3-BF4B-00C04F79EFBC}") = "SimpleChatSite.Tests", "SimpleChatSite.Tests\SimpleChatSite.Tests.csproj", "{273A2CE5-CAEC-42D0-B711-48115F23FC8B}"
EndProject
Global
	GlobalSection(SolutionConfigurationPlatforms) = preSolution
		Debug|Any CPU = Debug|Any CPU
		Release|Any CPU = Release|Any CPU
	EndGlobalSection
	GlobalSection(ProjectConfigurationPlatforms) = postSolution
		{C03AEC0E-58EA-4923-BB6D-CFBEBB4BAD96}.Debug|Any CPU.ActiveCfg = Debug|Any CPU
		{C03AEC0E-58EA-4923-BB6D-CFBEBB4BAD96}.Debug|Any CPU.Build.0 = Debug|Any CPU
		{C03AEC0E-58EA-4923-BB6D-CFBEBB4BAD96}.Release|Any CPU.ActiveCfg = Release|Any CPU
		{C03AEC0E-58EA-4923-BB6D-CFBEBB4BAD96}.Release|Any CPU.Build.0 = Release|Any CPU
		{273A2CE5-CAEC-42D0-B711-48115F23FC8B}.Debug|Any CPU.ActiveCfg = Debug|Any CPU
		{273A2CE5-CAEC-42D0-B711-48115F23FC8B}.Debug|Any CPU.Build.0 = Debug|Any CPU
		{273A2CE5-CAEC-42D0-B711-48115F23FC8B}.Release|Any CPU.ActiveCfg = Release|Any CPU
		{273A2CE5-CAEC-42D0-B711-48115F23FC8B}.Release|Any CPU.Build.0 = Release|Any CPU
	EndGlobalSection
	GlobalSection(SolutionProperties) = preSolution
		HideSolutionNode = FALSE
	EndGlobalSection
EndGlobal
